
Microsoft Visual Studio Solution File, Format Version 12.00
# Visual Studio Version 17
VisualStudioVersion = 17.3.32929.385
MinimumVisualStudioVersion = 10.0.40219.1
Project("{FAE04EC0-301F-11D3-BF4B-00C04F79EFBC}") = "Practicum7", "Practicum7\Practicum7.csproj", "{ECF15719-FD95-469F-A798-01B1C00825B9}"
EndProject
Project("{FAE04EC0-301F-11D3-BF4B-00C04F79EFBC}") = "Practicum7_Task1_WF", "Practicum7_Task1_WF\Practicum7_Task1_WF.csproj", "{00327ADC-3291-4806-AAD9-0069A756D45F}"
EndProject
Project("{FAE04EC0-301F-11D3-BF4B-00C04F79EFBC}") = "Practicum7_Task2", "Practicum7_Task2\Practicum7_Task2.csproj", "{09E7BDE5-80F4-4908-AECD-67A8F77E1F4D}"
EndProject
Project("{FAE04EC0-301F-11D3-BF4B-00C04F79EFBC}") = "Practicum7_Task2_WF", "Practicum7_Task2_WF\Practicum7_Task2_WF.csproj", "{97DE60D4-4AC8-419C-838F-DE52204963C7}"
EndProject
Global
	GlobalSection(SolutionConfigurationPlatforms) = preSolution
		Debug|Any CPU = Debug|Any CPU
		Release|Any CPU = Release|Any CPU
	EndGlobalSection
	GlobalSection(ProjectConfigurationPlatforms) = postSolution
		{ECF15719-FD95-469F-A798-01B1C00825B9}.Debug|Any CPU.ActiveCfg = Debug|Any CPU
		{ECF15719-FD95-469F-A798-01B1C00825B9}.Debug|Any CPU.Build.0 = Debug|Any CPU
		{ECF15719-FD95-469F-A798-01B1C00825B9}.Release|Any CPU.ActiveCfg = Release|Any CPU
		{ECF15719-FD95-469F-A798-01B1C00825B9}.Release|Any CPU.Build.0 = Release|Any CPU
		{00327ADC-3291-4806-AAD9-0069A756D45F}.Debug|Any CPU.ActiveCfg = Debug|Any CPU
		{00327ADC-3291-4806-AAD9-0069A756D45F}.Debug|Any CPU.Build.0 = Debug|Any CPU
		{00327ADC-3291-4806-AAD9-0069A756D45F}.Release|Any CPU.ActiveCfg = Release|Any CPU
		{00327ADC-3291-4806-AAD9-0069A756D45F}.Release|Any CPU.Build.0 = Release|Any CPU
		{09E7BDE5-80F4-4908-AECD-67A8F77E1F4D}.Debug|Any CPU.ActiveCfg = Debug|Any CPU
		{09E7BDE5-80F4-4908-AECD-67A8F77E1F4D}.Debug|Any CPU.Build.0 = Debug|Any CPU
		{09E7BDE5-80F4-4908-AECD-67A8F77E1F4D}.Release|Any CPU.ActiveCfg = Release|Any CPU
		{09E7BDE5-80F4-4908-AECD-67A8F77E1F4D}.Release|Any CPU.Build.0 = Release|Any CPU
		{97DE60D4-4AC8-419C-838F-DE52204963C7}.Debug|Any CPU.ActiveCfg = Debug|Any CPU
		{97DE60D4-4AC8-419C-838F-DE52204963C7}.Debug|Any CPU.Build.0 = Debug|Any CPU
		{97DE60D4-4AC8-419C-838F-DE52204963C7}.Release|Any CPU.ActiveCfg = Release|Any CPU
		{97DE60D4-4AC8-419C-838F-DE52204963C7}.Release|Any CPU.Build.0 = Release|Any CPU
	EndGlobalSection
	GlobalSection(SolutionProperties) = preSolution
		HideSolutionNode = FALSE
	EndGlobalSection
	GlobalSection(ExtensibilityGlobals) = postSolution
		SolutionGuid = {71BE9BAA-BC23-4F5C-BF07-7C7EDCE3321D}
	EndGlobalSection
EndGlobal
